
Microsoft Visual Studio Solution File, Format Version 12.00
# Visual Studio 15
VisualStudioVersion = 15.0.28307.572
MinimumVisualStudioVersion = 10.0.40219.1
Project("{FAE04EC0-301F-11D3-BF4B-00C04F79EFBC}") = "WebApiDemo", "WebApiDemo\WebApiDemo.csproj", "{B3CD9AE2-A27F-4BE7-9A50-944D7EEDE264}"
EndProject
Global
	GlobalSection(SolutionConfigurationPlatforms) = preSolution
		Debug|Any CPU = Debug|Any CPU
		Release|Any CPU = Release|Any CPU
	EndGlobalSection
	GlobalSection(ProjectConfigurationPlatforms) = postSolution
		{B3CD9AE2-A27F-4BE7-9A50-944D7EEDE264}.Debug|Any CPU.ActiveCfg = Debug|Any CPU
		{B3CD9AE2-A27F-4BE7-9A50-944D7EEDE264}.Debug|Any CPU.Build.0 = Debug|Any CPU
		{B3CD9AE2-A27F-4BE7-9A50-944D7EEDE264}.Release|Any CPU.ActiveCfg = Release|Any CPU
		{B3CD9AE2-A27F-4BE7-9A50-944D7EEDE264}.Release|Any CPU.Build.0 = Release|Any CPU
	EndGlobalSection
	GlobalSection(SolutionProperties) = preSolution
		HideSolutionNode = FALSE
	EndGlobalSection
	GlobalSection(ExtensibilityGlobals) = postSolution
		SolutionGuid = {20DD9EDC-88A7-4BB5-809F-FE9B2F460738}
	EndGlobalSection
EndGlobal
